// !$*UTF8*$!
{
	archiveVersion = 1;
	classes = {
	};
	objectVersion = 56;
	objects = {

/* Begin PBXBuildFile section */
		BD664DB32C956AF0001C15FE /* RealityKitContent in Frameworks */ = {isa = PBXBuildFile; productRef = BD664DB22C956AF0001C15FE /* RealityKitContent */; };
		BD664DB52C956AF0001C15FE /* Study_SpaceApp.swift in Sources */ = {isa = PBXBuildFile; fileRef = BD664DB42C956AF0001C15FE /* Study_SpaceApp.swift */; };
		BD664DB72C956AF0001C15FE /* ContentView.swift in Sources */ = {isa = PBXBuildFile; fileRef = BD664DB62C956AF0001C15FE /* ContentView.swift */; };
		BD664DB92C956AF0001C15FE /* ImmersiveView.swift in Sources */ = {isa = PBXBuildFile; fileRef = BD664DB82C956AF0001C15FE /* ImmersiveView.swift */; };
		BD664DBB2C956AF0001C15FE /* ImageBasedLighting.skybox in Resources */ = {isa = PBXBuildFile; fileRef = BD664DBA2C956AF0001C15FE /* ImageBasedLighting.skybox */; };
		BD664DBD2C956AF1001C15FE /* Assets.xcassets in Resources */ = {isa = PBXBuildFile; fileRef = BD664DBC2C956AF1001C15FE /* Assets.xcassets */; };
		BD664DC02C956AF1001C15FE /* Preview Assets.xcassets in Resources */ = {isa = PBXBuildFile; fileRef = BD664DBF2C956AF1001C15FE /* Preview Assets.xcassets */; };
		BD8DDB022C95C922006841EB /* algorithms.pdf in Resources */ = {isa = PBXBuildFile; fileRef = BD8DDB012C95C922006841EB /* algorithms.pdf */; };
		BD8DDB042C95C993006841EB /* PDFPageView.swift in Sources */ = {isa = PBXBuildFile; fileRef = BD8DDB032C95C993006841EB /* PDFPageView.swift */; };
		D9A8BC262C958A860059C5BC /* Book.swift in Sources */ = {isa = PBXBuildFile; fileRef = D9A8BC252C958A860059C5BC /* Book.swift */; };
		D9A8BC282C958AB70059C5BC /* BookView.swift in Sources */ = {isa = PBXBuildFile; fileRef = D9A8BC272C958AB70059C5BC /* BookView.swift */; };
		D9A8BC2A2C958AC20059C5BC /* BookViewModel.swift in Sources */ = {isa = PBXBuildFile; fileRef = D9A8BC292C958AC20059C5BC /* BookViewModel.swift */; };
		D9A8BC2C2C958AE20059C5BC /* Library.swift in Sources */ = {isa = PBXBuildFile; fileRef = D9A8BC2B2C958AE20059C5BC /* Library.swift */; };
		D9A8BC2E2C958AF40059C5BC /* LibraryView.swift in Sources */ = {isa = PBXBuildFile; fileRef = D9A8BC2D2C958AF40059C5BC /* LibraryView.swift */; };
		D9A8BC302C958B0A0059C5BC /* LibraryViewModel.swift in Sources */ = {isa = PBXBuildFile; fileRef = D9A8BC2F2C958B0A0059C5BC /* LibraryViewModel.swift */; };
		D9A8BC362C9591B60059C5BC /* LibraryBookView.swift in Sources */ = {isa = PBXBuildFile; fileRef = D9A8BC352C9591B60059C5BC /* LibraryBookView.swift */; };
		D9A8BC382C9592710059C5BC /* LibraryAddView.swift in Sources */ = {isa = PBXBuildFile; fileRef = D9A8BC372C9592710059C5BC /* LibraryAddView.swift */; };
/* End PBXBuildFile section */

/* Begin PBXFileReference section */
		BD664DAD2C956AF0001C15FE /* Study-Space.app */ = {isa = PBXFileReference; explicitFileType = wrapper.application; includeInIndex = 0; path = "Study-Space.app"; sourceTree = BUILT_PRODUCTS_DIR; };
		BD664DB12C956AF0001C15FE /* RealityKitContent */ = {isa = PBXFileReference; lastKnownFileType = wrapper; path = RealityKitContent; sourceTree = "<group>"; };
		BD664DB42C956AF0001C15FE /* Study_SpaceApp.swift */ = {isa = PBXFileReference; lastKnownFileType = sourcecode.swift; path = Study_SpaceApp.swift; sourceTree = "<group>"; };
		BD664DB62C956AF0001C15FE /* ContentView.swift */ = {isa = PBXFileReference; lastKnownFileType = sourcecode.swift; path = ContentView.swift; sourceTree = "<group>"; };
		BD664DB82C956AF0001C15FE /* ImmersiveView.swift */ = {isa = PBXFileReference; lastKnownFileType = sourcecode.swift; path = ImmersiveView.swift; sourceTree = "<group>"; };
		BD664DBA2C956AF0001C15FE /* ImageBasedLighting.skybox */ = {isa = PBXFileReference; lastKnownFileType = file.skybox; path = ImageBasedLighting.skybox; sourceTree = "<group>"; };
		BD664DBC2C956AF1001C15FE /* Assets.xcassets */ = {isa = PBXFileReference; lastKnownFileType = folder.assetcatalog; path = Assets.xcassets; sourceTree = "<group>"; };
		BD664DBF2C956AF1001C15FE /* Preview Assets.xcassets */ = {isa = PBXFileReference; lastKnownFileType = folder.assetcatalog; path = "Preview Assets.xcassets"; sourceTree = "<group>"; };
		BD664DC12C956AF1001C15FE /* Info.plist */ = {isa = PBXFileReference; lastKnownFileType = text.plist.xml; path = Info.plist; sourceTree = "<group>"; };
		BD8DDB012C95C922006841EB /* algorithms.pdf */ = {isa = PBXFileReference; lastKnownFileType = image.pdf; path = algorithms.pdf; sourceTree = "<group>"; };
		BD8DDB032C95C993006841EB /* PDFPageView.swift */ = {isa = PBXFileReference; lastKnownFileType = sourcecode.swift; path = PDFPageView.swift; sourceTree = "<group>"; };
		D9A8BC252C958A860059C5BC /* Book.swift */ = {isa = PBXFileReference; lastKnownFileType = sourcecode.swift; path = Book.swift; sourceTree = "<group>"; };
		D9A8BC272C958AB70059C5BC /* BookView.swift */ = {isa = PBXFileReference; lastKnownFileType = sourcecode.swift; path = BookView.swift; sourceTree = "<group>"; };
		D9A8BC292C958AC20059C5BC /* BookViewModel.swift */ = {isa = PBXFileReference; lastKnownFileType = sourcecode.swift; path = BookViewModel.swift; sourceTree = "<group>"; };
		D9A8BC2B2C958AE20059C5BC /* Library.swift */ = {isa = PBXFileReference; lastKnownFileType = sourcecode.swift; path = Library.swift; sourceTree = "<group>"; };
		D9A8BC2D2C958AF40059C5BC /* LibraryView.swift */ = {isa = PBXFileReference; lastKnownFileType = sourcecode.swift; path = LibraryView.swift; sourceTree = "<group>"; };
		D9A8BC2F2C958B0A0059C5BC /* LibraryViewModel.swift */ = {isa = PBXFileReference; lastKnownFileType = sourcecode.swift; path = LibraryViewModel.swift; sourceTree = "<group>"; };
		D9A8BC352C9591B60059C5BC /* LibraryBookView.swift */ = {isa = PBXFileReference; lastKnownFileType = sourcecode.swift; path = LibraryBookView.swift; sourceTree = "<group>"; };
		D9A8BC372C9592710059C5BC /* LibraryAddView.swift */ = {isa = PBXFileReference; lastKnownFileType = sourcecode.swift; path = LibraryAddView.swift; sourceTree = "<group>"; };
/* End PBXFileReference section */

/* Begin PBXFrameworksBuildPhase section */
		BD664DAA2C956AF0001C15FE /* Frameworks */ = {
			isa = PBXFrameworksBuildPhase;
			buildActionMask = 2147483647;
			files = (
				BD664DB32C956AF0001C15FE /* RealityKitContent in Frameworks */,
			);
			runOnlyForDeploymentPostprocessing = 0;
		};
/* End PBXFrameworksBuildPhase section */

/* Begin PBXGroup section */
		BD664DA42C956AF0001C15FE = {
			isa = PBXGroup;
			children = (
				BD664DAF2C956AF0001C15FE /* Study-Space */,
				BD664DB02C956AF0001C15FE /* Packages */,
				BD664DAE2C956AF0001C15FE /* Products */,
			);
			sourceTree = "<group>";
		};
		BD664DAE2C956AF0001C15FE /* Products */ = {
			isa = PBXGroup;
			children = (
				BD664DAD2C956AF0001C15FE /* Study-Space.app */,
			);
			name = Products;
			sourceTree = "<group>";
		};
		BD664DAF2C956AF0001C15FE /* Study-Space */ = {
			isa = PBXGroup;
			children = (
				BD8DDAFE2C95C88F006841EB /* PDFs */,
				D9A8BC1C2C958A270059C5BC /* Source */,
				BD664DB42C956AF0001C15FE /* Study_SpaceApp.swift */,
				BD664DB62C956AF0001C15FE /* ContentView.swift */,
				BD664DB82C956AF0001C15FE /* ImmersiveView.swift */,
				BD664DBA2C956AF0001C15FE /* ImageBasedLighting.skybox */,
				BD664DBC2C956AF1001C15FE /* Assets.xcassets */,
				BD664DC12C956AF1001C15FE /* Info.plist */,
				BD664DBE2C956AF1001C15FE /* Preview Content */,
			);
			path = "Study-Space";
			sourceTree = "<group>";
		};
		BD664DB02C956AF0001C15FE /* Packages */ = {
			isa = PBXGroup;
			children = (
				BD664DB12C956AF0001C15FE /* RealityKitContent */,
			);
			path = Packages;
			sourceTree = "<group>";
		};
		BD664DBE2C956AF1001C15FE /* Preview Content */ = {
			isa = PBXGroup;
			children = (
				BD664DBF2C956AF1001C15FE /* Preview Assets.xcassets */,
			);
			path = "Preview Content";
			sourceTree = "<group>";
		};
		BD8DDAFE2C95C88F006841EB /* PDFs */ = {
			isa = PBXGroup;
			children = (
				BD8DDB012C95C922006841EB /* algorithms.pdf */,
			);
			path = PDFs;
			sourceTree = "<group>";
		};
		D9A8BC1C2C958A270059C5BC /* Source */ = {
			isa = PBXGroup;
			children = (
				D9A8BC1E2C958A360059C5BC /* Book */,
				D9A8BC1D2C958A300059C5BC /* Library */,
			);
			path = Source;
			sourceTree = "<group>";
		};
		D9A8BC1D2C958A300059C5BC /* Library */ = {
			isa = PBXGroup;
			children = (
				D9A8BC1F2C958A410059C5BC /* Model */,
				D9A8BC202C958A460059C5BC /* View */,
				D9A8BC212C958A500059C5BC /* ViewModel */,
			);
			path = Library;
			sourceTree = "<group>";
		};
		D9A8BC1E2C958A360059C5BC /* Book */ = {
			isa = PBXGroup;
			children = (
				D9A8BC222C958A580059C5BC /* Model */,
				D9A8BC232C958A5E0059C5BC /* View */,
				D9A8BC242C958A6C0059C5BC /* ViewModel */,
			);
			path = Book;
			sourceTree = "<group>";
		};
		D9A8BC1F2C958A410059C5BC /* Model */ = {
			isa = PBXGroup;
			children = (
				D9A8BC2B2C958AE20059C5BC /* Library.swift */,
			);
			path = Model;
			sourceTree = "<group>";
		};
		D9A8BC202C958A460059C5BC /* View */ = {
			isa = PBXGroup;
			children = (
				D9A8BC2D2C958AF40059C5BC /* LibraryView.swift */,
				D9A8BC352C9591B60059C5BC /* LibraryBookView.swift */,
				D9A8BC372C9592710059C5BC /* LibraryAddView.swift */,
			);
			path = View;
			sourceTree = "<group>";
		};
		D9A8BC212C958A500059C5BC /* ViewModel */ = {
			isa = PBXGroup;
			children = (
				D9A8BC2F2C958B0A0059C5BC /* LibraryViewModel.swift */,
			);
			path = ViewModel;
			sourceTree = "<group>";
		};
		D9A8BC222C958A580059C5BC /* Model */ = {
			isa = PBXGroup;
			children = (
				D9A8BC252C958A860059C5BC /* Book.swift */,
			);
			path = Model;
			sourceTree = "<group>";
		};
		D9A8BC232C958A5E0059C5BC /* View */ = {
			isa = PBXGroup;
			children = (
				D9A8BC272C958AB70059C5BC /* BookView.swift */,
				BD8DDB032C95C993006841EB /* PDFPageView.swift */,
			);
			path = View;
			sourceTree = "<group>";
		};
		D9A8BC242C958A6C0059C5BC /* ViewModel */ = {
			isa = PBXGroup;
			children = (
				D9A8BC292C958AC20059C5BC /* BookViewModel.swift */,
			);
			path = ViewModel;
			sourceTree = "<group>";
		};
/* End PBXGroup section */

/* Begin PBXNativeTarget section */
		BD664DAC2C956AF0001C15FE /* Study-Space */ = {
			isa = PBXNativeTarget;
			buildConfigurationList = BD664DC42C956AF1001C15FE /* Build configuration list for PBXNativeTarget "Study-Space" */;
			buildPhases = (
				BD664DA92C956AF0001C15FE /* Sources */,
				BD664DAA2C956AF0001C15FE /* Frameworks */,
				BD664DAB2C956AF0001C15FE /* Resources */,
			);
			buildRules = (
			);
			dependencies = (
			);
			name = "Study-Space";
			packageProductDependencies = (
				BD664DB22C956AF0001C15FE /* RealityKitContent */,
			);
			productName = "Study-Space";
			productReference = BD664DAD2C956AF0001C15FE /* Study-Space.app */;
			productType = "com.apple.product-type.application";
		};
/* End PBXNativeTarget section */

/* Begin PBXProject section */
		BD664DA52C956AF0001C15FE /* Project object */ = {
			isa = PBXProject;
			attributes = {
				BuildIndependentTargetsInParallel = 1;
				LastSwiftUpdateCheck = 1540;
				LastUpgradeCheck = 1540;
				TargetAttributes = {
					BD664DAC2C956AF0001C15FE = {
						CreatedOnToolsVersion = 15.4;
					};
				};
			};
			buildConfigurationList = BD664DA82C956AF0001C15FE /* Build configuration list for PBXProject "Study-Space" */;
			compatibilityVersion = "Xcode 14.0";
			developmentRegion = en;
			hasScannedForEncodings = 0;
			knownRegions = (
				en,
				Base,
			);
			mainGroup = BD664DA42C956AF0001C15FE;
			productRefGroup = BD664DAE2C956AF0001C15FE /* Products */;
			projectDirPath = "";
			projectRoot = "";
			targets = (
				BD664DAC2C956AF0001C15FE /* Study-Space */,
			);
		};
/* End PBXProject section */

/* Begin PBXResourcesBuildPhase section */
		BD664DAB2C956AF0001C15FE /* Resources */ = {
			isa = PBXResourcesBuildPhase;
			buildActionMask = 2147483647;
			files = (
				BD664DBD2C956AF1001C15FE /* Assets.xcassets in Resources */,
				BD664DC02C956AF1001C15FE /* Preview Assets.xcassets in Resources */,
				BD8DDB022C95C922006841EB /* algorithms.pdf in Resources */,
				BD664DBB2C956AF0001C15FE /* ImageBasedLighting.skybox in Resources */,
			);
			runOnlyForDeploymentPostprocessing = 0;
		};
/* End PBXResourcesBuildPhase section */

/* Begin PBXSourcesBuildPhase section */
		BD664DA92C956AF0001C15FE /* Sources */ = {
			isa = PBXSourcesBuildPhase;
			buildActionMask = 2147483647;
			files = (
				D9A8BC262C958A860059C5BC /* Book.swift in Sources */,
				D9A8BC362C9591B60059C5BC /* LibraryBookView.swift in Sources */,
				D9A8BC2C2C958AE20059C5BC /* Library.swift in Sources */,
				BD664DB72C956AF0001C15FE /* ContentView.swift in Sources */,
				BD664DB52C956AF0001C15FE /* Study_SpaceApp.swift in Sources */,
				D9A8BC382C9592710059C5BC /* LibraryAddView.swift in Sources */,
				BD8DDB042C95C993006841EB /* PDFPageView.swift in Sources */,
				D9A8BC2E2C958AF40059C5BC /* LibraryView.swift in Sources */,
				BD664DB92C956AF0001C15FE /* ImmersiveView.swift in Sources */,
				D9A8BC282C958AB70059C5BC /* BookView.swift in Sources */,
				D9A8BC302C958B0A0059C5BC /* LibraryViewModel.swift in Sources */,
				D9A8BC2A2C958AC20059C5BC /* BookViewModel.swift in Sources */,
			);
			runOnlyForDeploymentPostprocessing = 0;
		};
/* End PBXSourcesBuildPhase section */

/* Begin XCBuildConfiguration section */
		BD664DC22C956AF1001C15FE /* Debug */ = {
			isa = XCBuildConfiguration;
			buildSettings = {
				ALWAYS_SEARCH_USER_PATHS = NO;
				ASSETCATALOG_COMPILER_GENERATE_SWIFT_ASSET_SYMBOL_EXTENSIONS = YES;
				CLANG_ANALYZER_NONNULL = YES;
				CLANG_ANALYZER_NUMBER_OBJECT_CONVERSION = YES_AGGRESSIVE;
				CLANG_CXX_LANGUAGE_STANDARD = "gnu++20";
				CLANG_ENABLE_MODULES = YES;
				CLANG_ENABLE_OBJC_ARC = YES;
				CLANG_ENABLE_OBJC_WEAK = YES;
				CLANG_WARN_BLOCK_CAPTURE_AUTORELEASING = YES;
				CLANG_WARN_BOOL_CONVERSION = YES;
				CLANG_WARN_COMMA = YES;
				CLANG_WARN_CONSTANT_CONVERSION = YES;
				CLANG_WARN_DEPRECATED_OBJC_IMPLEMENTATIONS = YES;
				CLANG_WARN_DIRECT_OBJC_ISA_USAGE = YES_ERROR;
				CLANG_WARN_DOCUMENTATION_COMMENTS = YES;
				CLANG_WARN_EMPTY_BODY = YES;
				CLANG_WARN_ENUM_CONVERSION = YES;
				CLANG_WARN_INFINITE_RECURSION = YES;
				CLANG_WARN_INT_CONVERSION = YES;
				CLANG_WARN_NON_LITERAL_NULL_CONVERSION = YES;
				CLANG_WARN_OBJC_IMPLICIT_RETAIN_SELF = YES;
				CLANG_WARN_OBJC_LITERAL_CONVERSION = YES;
				CLANG_WARN_OBJC_ROOT_CLASS = YES_ERROR;
				CLANG_WARN_QUOTED_INCLUDE_IN_FRAMEWORK_HEADER = YES;
				CLANG_WARN_RANGE_LOOP_ANALYSIS = YES;
				CLANG_WARN_STRICT_PROTOTYPES = YES;
				CLANG_WARN_SUSPICIOUS_MOVE = YES;
				CLANG_WARN_UNGUARDED_AVAILABILITY = YES_AGGRESSIVE;
				CLANG_WARN_UNREACHABLE_CODE = YES;
				CLANG_WARN__DUPLICATE_METHOD_MATCH = YES;
				COPY_PHASE_STRIP = NO;
				DEBUG_INFORMATION_FORMAT = dwarf;
				ENABLE_STRICT_OBJC_MSGSEND = YES;
				ENABLE_TESTABILITY = YES;
				ENABLE_USER_SCRIPT_SANDBOXING = YES;
				GCC_C_LANGUAGE_STANDARD = gnu17;
				GCC_DYNAMIC_NO_PIC = NO;
				GCC_NO_COMMON_BLOCKS = YES;
				GCC_OPTIMIZATION_LEVEL = 0;
				GCC_PREPROCESSOR_DEFINITIONS = (
					"DEBUG=1",
					"$(inherited)",
				);
				GCC_WARN_64_TO_32_BIT_CONVERSION = YES;
				GCC_WARN_ABOUT_RETURN_TYPE = YES_ERROR;
				GCC_WARN_UNDECLARED_SELECTOR = YES;
				GCC_WARN_UNINITIALIZED_AUTOS = YES_AGGRESSIVE;
				GCC_WARN_UNUSED_FUNCTION = YES;
				GCC_WARN_UNUSED_VARIABLE = YES;
				LOCALIZATION_PREFERS_STRING_CATALOGS = YES;
				MTL_ENABLE_DEBUG_INFO = INCLUDE_SOURCE;
				MTL_FAST_MATH = YES;
				ONLY_ACTIVE_ARCH = YES;
				SDKROOT = xros;
				SWIFT_ACTIVE_COMPILATION_CONDITIONS = "DEBUG $(inherited)";
				SWIFT_OPTIMIZATION_LEVEL = "-Onone";
				XROS_DEPLOYMENT_TARGET = 1.2;
			};
			name = Debug;
		};
		BD664DC32C956AF1001C15FE /* Release */ = {
			isa = XCBuildConfiguration;
			buildSettings = {
				ALWAYS_SEARCH_USER_PATHS = NO;
				ASSETCATALOG_COMPILER_GENERATE_SWIFT_ASSET_SYMBOL_EXTENSIONS = YES;
				CLANG_ANALYZER_NONNULL = YES;
				CLANG_ANALYZER_NUMBER_OBJECT_CONVERSION = YES_AGGRESSIVE;
				CLANG_CXX_LANGUAGE_STANDARD = "gnu++20";
				CLANG_ENABLE_MODULES = YES;
				CLANG_ENABLE_OBJC_ARC = YES;
				CLANG_ENABLE_OBJC_WEAK = YES;
				CLANG_WARN_BLOCK_CAPTURE_AUTORELEASING = YES;
				CLANG_WARN_BOOL_CONVERSION = YES;
				CLANG_WARN_COMMA = YES;
				CLANG_WARN_CONSTANT_CONVERSION = YES;
				CLANG_WARN_DEPRECATED_OBJC_IMPLEMENTATIONS = YES;
				CLANG_WARN_DIRECT_OBJC_ISA_USAGE = YES_ERROR;
				CLANG_WARN_DOCUMENTATION_COMMENTS = YES;
				CLANG_WARN_EMPTY_BODY = YES;
				CLANG_WARN_ENUM_CONVERSION = YES;
				CLANG_WARN_INFINITE_RECURSION = YES;
				CLANG_WARN_INT_CONVERSION = YES;
				CLANG_WARN_NON_LITERAL_NULL_CONVERSION = YES;
				CLANG_WARN_OBJC_IMPLICIT_RETAIN_SELF = YES;
				CLANG_WARN_OBJC_LITERAL_CONVERSION = YES;
				CLANG_WARN_OBJC_ROOT_CLASS = YES_ERROR;
				CLANG_WARN_QUOTED_INCLUDE_IN_FRAMEWORK_HEADER = YES;
				CLANG_WARN_RANGE_LOOP_ANALYSIS = YES;
				CLANG_WARN_STRICT_PROTOTYPES = YES;
				CLANG_WARN_SUSPICIOUS_MOVE = YES;
				CLANG_WARN_UNGUARDED_AVAILABILITY = YES_AGGRESSIVE;
				CLANG_WARN_UNREACHABLE_CODE = YES;
				CLANG_WARN__DUPLICATE_METHOD_MATCH = YES;
				COPY_PHASE_STRIP = NO;
				DEBUG_INFORMATION_FORMAT = "dwarf-with-dsym";
				ENABLE_NS_ASSERTIONS = NO;
				ENABLE_STRICT_OBJC_MSGSEND = YES;
				ENABLE_USER_SCRIPT_SANDBOXING = YES;
				GCC_C_LANGUAGE_STANDARD = gnu17;
				GCC_NO_COMMON_BLOCKS = YES;
				GCC_WARN_64_TO_32_BIT_CONVERSION = YES;
				GCC_WARN_ABOUT_RETURN_TYPE = YES_ERROR;
				GCC_WARN_UNDECLARED_SELECTOR = YES;
				GCC_WARN_UNINITIALIZED_AUTOS = YES_AGGRESSIVE;
				GCC_WARN_UNUSED_FUNCTION = YES;
				GCC_WARN_UNUSED_VARIABLE = YES;
				LOCALIZATION_PREFERS_STRING_CATALOGS = YES;
				MTL_ENABLE_DEBUG_INFO = NO;
				MTL_FAST_MATH = YES;
				SDKROOT = xros;
				SWIFT_COMPILATION_MODE = wholemodule;
				VALIDATE_PRODUCT = YES;
				XROS_DEPLOYMENT_TARGET = 1.2;
			};
			name = Release;
		};
		BD664DC52C956AF1001C15FE /* Debug */ = {
			isa = XCBuildConfiguration;
			buildSettings = {
				ASSETCATALOG_COMPILER_APPICON_NAME = AppIcon;
				ASSETCATALOG_COMPILER_GLOBAL_ACCENT_COLOR_NAME = AccentColor;
				CODE_SIGN_STYLE = Automatic;
				CURRENT_PROJECT_VERSION = 1;
				DEVELOPMENT_ASSET_PATHS = "\"Study-Space/Preview Content\"";
				DEVELOPMENT_TEAM = J7NZTC2W3D;
				ENABLE_PREVIEWS = YES;
				GENERATE_INFOPLIST_FILE = YES;
				INFOPLIST_FILE = "$(TARGET_NAME)/Info.plist";
				LD_RUNPATH_SEARCH_PATHS = (
					"$(inherited)",
					"@executable_path/Frameworks",
				);
				MARKETING_VERSION = 1.0;
				PRODUCT_BUNDLE_IDENTIFIER = "mingchungxia.Study-Space";
				PRODUCT_NAME = "$(TARGET_NAME)";
				SUPPORTED_PLATFORMS = "xros xrsimulator";
				SWIFT_EMIT_LOC_STRINGS = YES;
				SWIFT_VERSION = 5.0;
				TARGETED_DEVICE_FAMILY = "1,2,7";
			};
			name = Debug;
		};
		BD664DC62C956AF1001C15FE /* Release */ = {
			isa = XCBuildConfiguration;
			buildSettings = {
				ASSETCATALOG_COMPILER_APPICON_NAME = AppIcon;
				ASSETCATALOG_COMPILER_GLOBAL_ACCENT_COLOR_NAME = AccentColor;
				CODE_SIGN_STYLE = Automatic;
				CURRENT_PROJECT_VERSION = 1;
				DEVELOPMENT_ASSET_PATHS = "\"Study-Space/Preview Content\"";
				DEVELOPMENT_TEAM = J7NZTC2W3D;
				ENABLE_PREVIEWS = YES;
				GENERATE_INFOPLIST_FILE = YES;
				INFOPLIST_FILE = "$(TARGET_NAME)/Info.plist";
				LD_RUNPATH_SEARCH_PATHS = (
					"$(inherited)",
					"@executable_path/Frameworks",
				);
				MARKETING_VERSION = 1.0;
				PRODUCT_BUNDLE_IDENTIFIER = "mingchungxia.Study-Space";
				PRODUCT_NAME = "$(TARGET_NAME)";
				SUPPORTED_PLATFORMS = "xros xrsimulator";
				SWIFT_EMIT_LOC_STRINGS = YES;
				SWIFT_VERSION = 5.0;
				TARGETED_DEVICE_FAMILY = "1,2,7";
			};
			name = Release;
		};
/* End XCBuildConfiguration section */

/* Begin XCConfigurationList section */
		BD664DA82C956AF0001C15FE /* Build configuration list for PBXProject "Study-Space" */ = {
			isa = XCConfigurationList;
			buildConfigurations = (
				BD664DC22C956AF1001C15FE /* Debug */,
				BD664DC32C956AF1001C15FE /* Release */,
			);
			defaultConfigurationIsVisible = 0;
			defaultConfigurationName = Release;
		};
		BD664DC42C956AF1001C15FE /* Build configuration list for PBXNativeTarget "Study-Space" */ = {
			isa = XCConfigurationList;
			buildConfigurations = (
				BD664DC52C956AF1001C15FE /* Debug */,
				BD664DC62C956AF1001C15FE /* Release */,
			);
			defaultConfigurationIsVisible = 0;
			defaultConfigurationName = Release;
		};
/* End XCConfigurationList section */

/* Begin XCSwiftPackageProductDependency section */
		BD664DB22C956AF0001C15FE /* RealityKitContent */ = {
			isa = XCSwiftPackageProductDependency;
			productName = RealityKitContent;
		};
/* End XCSwiftPackageProductDependency section */
	};
	rootObject = BD664DA52C956AF0001C15FE /* Project object */;
}
